{
  "_readme": [
	"This file locks the dependencies of your project to a known state",
	"Read more about it at https://getcomposer.org/doc/01-basic-usage.md#installing-dependencies",
	"This file is @generated automatically"
  ],
  "content-hash": "ee21fe00ca89473774c993bead18fd56",
  "packages": [
	{
	  "name": "doctrine/lexer",
	  "version": "dev-master",
	  "source": {
		"type": "git",
		"url": "https://github.com/doctrine/lexer.git",
		"reference": "4ab6ea7c838ccb340883fd78915af079949cc64d"
	  },
	  "dist": {
		"type": "zip",
		"url": "https://api.github.com/repos/doctrine/lexer/zipball/4ab6ea7c838ccb340883fd78915af079949cc64d",
		"reference": "4ab6ea7c838ccb340883fd78915af079949cc64d",
		"shasum": ""
	  },
	  "require": {
		"php": ">=5.3.2"
	  },
	  "require-dev": {
		"phpunit/phpunit": "^4.5"
	  },
	  "type": "library",
	  "extra": {
		"branch-alias": {
		  "dev-master": "1.0.x-dev"
		}
	  },
	  "autoload": {
		"psr-4": {
		  "Doctrine\\Common\\Lexer\\": "lib/Doctrine/Common/Lexer"
		}
	  },
	  "notification-url": "https://packagist.org/downloads/",
	  "license": [
		"MIT"
	  ],
	  "authors": [
		{
		  "name": "Roman Borschel",
		  "email": "roman@code-factory.org"
		},
		{
		  "name": "Guilherme Blanco",
		  "email": "guilhermeblanco@gmail.com"
		},
		{
		  "name": "Johannes Schmitt",
		  "email": "schmittjoh@gmail.com"
		}
	  ],
	  "description": "PHP Doctrine Lexer parser library that can be used in Top-Down, Recursive Descent Parsers.",
	  "homepage": "https://www.doctrine-project.org/projects/lexer.html",
	  "keywords": [
		"annotations",
		"docblock",
		"lexer",
		"parser",
		"php"
	  ],
	  "time": "2018-10-21T19:22:05+00:00"
	},
	{
	  "name": "egulias/email-validator",
	  "version": "2.1.7",
	  "source": {
		"type": "git",
		"url": "https://github.com/egulias/EmailValidator.git",
		"reference": "709f21f92707308cdf8f9bcfa1af4cb26586521e"
	  },
	  "dist": {
		"type": "zip",
		"url": "https://api.github.com/repos/egulias/EmailValidator/zipball/709f21f92707308cdf8f9bcfa1af4cb26586521e",
		"reference": "709f21f92707308cdf8f9bcfa1af4cb26586521e",
		"shasum": ""
	  },
	  "require": {
		"doctrine/lexer": "^1.0.1",
		"php": ">= 5.5"
	  },
	  "require-dev": {
		"dominicsayers/isemail": "dev-master",
		"phpunit/phpunit": "^4.8.35||^5.7||^6.0",
		"satooshi/php-coveralls": "^1.0.1"
	  },
	  "suggest": {
		"ext-intl": "PHP Internationalization Libraries are required to use the SpoofChecking validation"
	  },
	  "type": "library",
	  "extra": {
		"branch-alias": {
		  "dev-master": "2.0.x-dev"
		}
	  },
	  "autoload": {
		"psr-4": {
		  "Egulias\\EmailValidator\\": "EmailValidator"
		}
	  },
	  "notification-url": "https://packagist.org/downloads/",
	  "license": [
		"MIT"
	  ],
	  "authors": [
		{
		  "name": "Eduardo Gulias Davis"
		}
	  ],
	  "description": "A library for validating emails against several RFCs",
	  "homepage": "https://github.com/egulias/EmailValidator",
	  "keywords": [
		"email",
		"emailvalidation",
		"emailvalidator",
		"validation",
		"validator"
	  ],
	  "time": "2018-12-04T22:38:24+00:00"
	},
	{
	  "name": "ninazu/framework",
	  "version": "dev-master",
	  "source": {
		"type": "git",
		"url": "git@github.com:ninazu/framework.git",
		"reference": "89f0401c6b80d49d35fdf4c51d532fda72d10058"
	  },
	  "require": {
		"swiftmailer/swiftmailer": "v6.1.3"
	  },
	  "type": "library",
	  "time": "2019-02-12T15:54:23+00:00"
	},
	{
	  "name": "swiftmailer/swiftmailer",
	  "version": "v6.1.3",
	  "source": {
		"type": "git",
		"url": "https://github.com/swiftmailer/swiftmailer.git",
		"reference": "8ddcb66ac10c392d3beb54829eef8ac1438595f4"
	  },
	  "dist": {
		"type": "zip",
		"url": "https://api.github.com/repos/swiftmailer/swiftmailer/zipball/8ddcb66ac10c392d3beb54829eef8ac1438595f4",
		"reference": "8ddcb66ac10c392d3beb54829eef8ac1438595f4",
		"shasum": ""
	  },
	  "require": {
		"egulias/email-validator": "~2.0",
		"php": ">=7.0.0"
	  },
	  "require-dev": {
		"mockery/mockery": "~0.9.1",
		"symfony/phpunit-bridge": "~3.3@dev"
	  },
	  "suggest": {
		"ext-intl": "Needed to support internationalized email addresses",
		"true/punycode": "Needed to support internationalized email addresses, if ext-intl is not installed"
	  },
	  "type": "library",
	  "extra": {
		"branch-alias": {
		  "dev-master": "6.1-dev"
		}
	  },
	  "autoload": {
		"files": [
		  "lib/swift_required.php"
		]
	  },
	  "notification-url": "https://packagist.org/downloads/",
	  "license": [
		"MIT"
	  ],
	  "authors": [
		{
		  "name": "Chris Corbyn"
		},
		{
		  "name": "Fabien Potencier",
		  "email": "fabien@symfony.com"
		}
	  ],
	  "description": "Swiftmailer, free feature-rich PHP mailer",
	  "homepage": "https://swiftmailer.symfony.com",
	  "keywords": [
		"email",
		"mail",
		"mailer"
	  ],
	  "time": "2018-09-11T07:12:52+00:00"
	}
  ],
  "packages-dev": [],
  "aliases": [],
  "minimum-stability": "dev",
  "stability-flags": [],
  "prefer-stable": false,
  "prefer-lowest": false,
  "platform": {
	"ext-json": "*",
	"ext-curl": "*",
	"ext-pdo": "*"
  },
  "platform-dev": []
}
